PODS:
  - audioplayers_darwin (0.0.1):
    - Flutter
  - device_info_plus (0.0.1):
    - Flutter
  - Flutter (1.0.0)
  - gal (1.0.0):
    - Flutter
    - FlutterMacOS
  - path_provider_foundation (0.0.1):
    - Flutter
    - FlutterMacOS
  - shared_preferences_foundation (0.0.1):
    - Flutter
    - FlutterMacOS
  - Stripe (23.18.3):
    - StripeApplePay (= 23.18.3)
    - StripeCore (= 23.18.3)
    - StripePayments (= 23.18.3)
    - StripePaymentsUI (= 23.18.3)
    - StripeUICore (= 23.18.3)
  - stripe_ios (0.0.1):
    - Flutter
    - Stripe (~> 23.18.0)
    - StripeApplePay (~> 23.18.0)
    - StripeFinancialConnections (~> 23.18.0)
    - StripePayments (~> 23.18.0)
    - StripePaymentSheet (~> 23.18.0)
    - StripePaymentsUI (~> 23.18.0)
  - StripeApplePay (23.18.3):
    - StripeCore (= 23.18.3)
  - StripeCore (23.18.3)
  - StripeFinancialConnections (23.18.3):
    - StripeCore (= 23.18.3)
    - StripeUICore (= 23.18.3)
  - StripePayments (23.18.3):
    - StripeCore (= 23.18.3)
    - StripePayments/Stripe3DS2 (= 23.18.3)
  - StripePayments/Stripe3DS2 (23.18.3):
    - StripeCore (= 23.18.3)
  - StripePaymentSheet (23.18.3):
    - StripeApplePay (= 23.18.3)
    - StripeCore (= 23.18.3)
    - StripePayments (= 23.18.3)
    - StripePaymentsUI (= 23.18.3)
  - StripePaymentsUI (23.18.3):
    - StripeCore (= 23.18.3)
    - StripePayments (= 23.18.3)
    - StripeUICore (= 23.18.3)
  - StripeUICore (23.18.3):
    - StripeCore (= 23.18.3)
  - url_launcher_ios (0.0.1):
    - Flutter
  - vibration (3.0.0):
    - Flutter

DEPENDENCIES:
  - audioplayers_darwin (from `.symlinks/plugins/audioplayers_darwin/ios`)
  - device_info_plus (from `.symlinks/plugins/device_info_plus/ios`)
  - Flutter (from `Flutter`)
  - gal (from `.symlinks/plugins/gal/darwin`)
  - path_provider_foundation (from `.symlinks/plugins/path_provider_foundation/darwin`)
  - shared_preferences_foundation (from `.symlinks/plugins/shared_preferences_foundation/darwin`)
  - stripe_ios (from `.symlinks/plugins/stripe_ios/ios`)
  - url_launcher_ios (from `.symlinks/plugins/url_launcher_ios/ios`)
  - vibration (from `.symlinks/plugins/vibration/ios`)

SPEC REPOS:
  trunk:
    - Stripe
    - StripeApplePay
    - StripeCore
    - StripeFinancialConnections
    - StripePayments
    - StripePaymentSheet
    - StripePaymentsUI
    - StripeUICore

EXTERNAL SOURCES:
  audioplayers_darwin:
    :path: ".symlinks/plugins/audioplayers_darwin/ios"
  device_info_plus:
    :path: ".symlinks/plugins/device_info_plus/ios"
  Flutter:
    :path: Flutter
  gal:
    :path: ".symlinks/plugins/gal/darwin"
  path_provider_foundation:
    :path: ".symlinks/plugins/path_provider_foundation/darwin"
  shared_preferences_foundation:
    :path: ".symlinks/plugins/shared_preferences_foundation/darwin"
  stripe_ios:
    :path: ".symlinks/plugins/stripe_ios/ios"
  url_launcher_ios:
    :path: ".symlinks/plugins/url_launcher_ios/ios"
  vibration:
    :path: ".symlinks/plugins/vibration/ios"

SPEC CHECKSUMS:
  audioplayers_darwin: 877d9a4d06331c5c374595e46e16453ac7eafa40
  device_info_plus: bf2e3232933866d73fe290f2942f2156cdd10342
  Flutter: e0871f40cf51350855a761d2e70bf5af5b9b5de7
  gal: 6a522c75909f1244732d4596d11d6a2f86ff37a5
  path_provider_foundation: 2b6b4c569c0fb62ec74538f866245ac84301af46
  shared_preferences_foundation: fcdcbc04712aee1108ac7fda236f363274528f78
  Stripe: e046335ab6e3f25d39f1a55bd98620a85269cffa
  stripe_ios: 37dd66ec680264019be16c5f47333f381164e6a6
  StripeApplePay: 1aa77f8ec7a6d9463fa8f49ae0672fe59dbf4c73
  StripeCore: fe10c34fb3c9ae18b986913f7e4460e7c653ce93
  StripeFinancialConnections: 6022426894046f26fe21d348da02d83d8a637fb0
  StripePayments: 7084fed30c5f03f15ae23c5dce63715ba0b53e15
  StripePaymentSheet: c8d25d4133476c6238d3cc932fb8219bb5ea49c0
  StripePaymentsUI: c12de264eda974d91e43a769f53a6c6afc9a1715
  StripeUICore: 090c4fe916d039616ce8f8de30392f4aeb33dd16
  url_launcher_ios: 5334b05cef931de560670eeae103fd3e431ac3fe
  vibration: 3797858f8cbf53d841e189ef8bd533d96e4ca93c

PODFILE CHECKSUM: a57f30d18f102dd3ce366b1d62a55ecbef2158e5

COCOAPODS: 1.16.2
